
Microsoft Visual Studio Solution File, Format Version 12.00
# Visual Studio 2013
VisualStudioVersion = 12.0.40629.0
MinimumVisualStudioVersion = 10.0.40219.1
Project("{FAE04EC0-301F-11D3-BF4B-00C04F79EFBC}") = "Kingdom.Clockworks.Core", "Kingdom.Clockworks.Core\Kingdom.Clockworks.Core.csproj", "{8D8076E8-C579-40E8-98AD-25F64E11D7AC}"
EndProject
Project("{FAE04EC0-301F-11D3-BF4B-00C04F79EFBC}") = "Kingdom.Clockworks.Tests", "Kingdom.Clockworks.Tests\Kingdom.Clockworks.Tests.csproj", "{3D4AD462-7F65-41DB-B12F-D35E07D8F556}"
EndProject
Project("{2150E333-8FDC-42A3-9474-1A3956D46DE8}") = ".nuget", ".nuget", "{203A4B64-C701-4CD8-B870-242905884B74}"
	ProjectSection(SolutionItems) = preProject
		.nuget\NuGet.Config = .nuget\NuGet.Config
		.nuget\NuGet.exe = .nuget\NuGet.exe
		.nuget\NuGet.targets = .nuget\NuGet.targets
	EndProjectSection
EndProject
Project("{FAE04EC0-301F-11D3-BF4B-00C04F79EFBC}") = "Kingdom.Unitworks.Core", "Kingdom.Unitworks.Core\Kingdom.Unitworks.Core.csproj", "{896580BE-A134-4512-8B3B-6287A560ADB1}"
EndProject
Project("{FAE04EC0-301F-11D3-BF4B-00C04F79EFBC}") = "Kingdom.Tests.Core", "Kingdom.Tests.Core\Kingdom.Tests.Core.csproj", "{0D97E02B-0FFD-4DF7-9198-A36F70140750}"
EndProject
Project("{FAE04EC0-301F-11D3-BF4B-00C04F79EFBC}") = "Kingdom.Unitworks.Tests", "Kingdom.Unitworks.Tests\Kingdom.Unitworks.Tests.csproj", "{074D109A-E0AC-466A-89A9-5B8133CDBC05}"
EndProject
Project("{FAE04EC0-301F-11D3-BF4B-00C04F79EFBC}") = "Kingdom.Unitworks.Calculators", "Kingdom.Unitworks.Calculators\Kingdom.Unitworks.Calculators.csproj", "{0703383C-1E23-43FB-A32B-B3B8038087F4}"
EndProject
Project("{FAE04EC0-301F-11D3-BF4B-00C04F79EFBC}") = "Kingdom.Unitworks.Calculators.Tests", "Kingdom.Unitworks.Calculators.Tests\Kingdom.Unitworks.Calculators.Tests.csproj", "{7463BCC2-565B-4282-B397-F2B0C742BEFF}"
EndProject
Project("{FAE04EC0-301F-11D3-BF4B-00C04F79EFBC}") = "Kingdom.Unitworks.Trajectories", "Kingdom.Unitworks.Trajectories\Kingdom.Unitworks.Trajectories.csproj", "{9C4B04E9-491A-4FCC-A52F-95A1DFEFCE98}"
EndProject
Global
	GlobalSection(SolutionConfigurationPlatforms) = preSolution
		Debug|Any CPU = Debug|Any CPU
		Release|Any CPU = Release|Any CPU
	EndGlobalSection
	GlobalSection(ProjectConfigurationPlatforms) = postSolution
		{8D8076E8-C579-40E8-98AD-25F64E11D7AC}.Debug|Any CPU.ActiveCfg = Debug|Any CPU
		{8D8076E8-C579-40E8-98AD-25F64E11D7AC}.Debug|Any CPU.Build.0 = Debug|Any CPU
		{8D8076E8-C579-40E8-98AD-25F64E11D7AC}.Release|Any CPU.ActiveCfg = Release|Any CPU
		{8D8076E8-C579-40E8-98AD-25F64E11D7AC}.Release|Any CPU.Build.0 = Release|Any CPU
		{3D4AD462-7F65-41DB-B12F-D35E07D8F556}.Debug|Any CPU.ActiveCfg = Debug|Any CPU
		{3D4AD462-7F65-41DB-B12F-D35E07D8F556}.Debug|Any CPU.Build.0 = Debug|Any CPU
		{3D4AD462-7F65-41DB-B12F-D35E07D8F556}.Release|Any CPU.ActiveCfg = Release|Any CPU
		{3D4AD462-7F65-41DB-B12F-D35E07D8F556}.Release|Any CPU.Build.0 = Release|Any CPU
		{896580BE-A134-4512-8B3B-6287A560ADB1}.Debug|Any CPU.ActiveCfg = Debug|Any CPU
		{896580BE-A134-4512-8B3B-6287A560ADB1}.Debug|Any CPU.Build.0 = Debug|Any CPU
		{896580BE-A134-4512-8B3B-6287A560ADB1}.Release|Any CPU.ActiveCfg = Release|Any CPU
		{896580BE-A134-4512-8B3B-6287A560ADB1}.Release|Any CPU.Build.0 = Release|Any CPU
		{0D97E02B-0FFD-4DF7-9198-A36F70140750}.Debug|Any CPU.ActiveCfg = Debug|Any CPU
		{0D97E02B-0FFD-4DF7-9198-A36F70140750}.Debug|Any CPU.Build.0 = Debug|Any CPU
		{0D97E02B-0FFD-4DF7-9198-A36F70140750}.Release|Any CPU.ActiveCfg = Release|Any CPU
		{0D97E02B-0FFD-4DF7-9198-A36F70140750}.Release|Any CPU.Build.0 = Release|Any CPU
		{074D109A-E0AC-466A-89A9-5B8133CDBC05}.Debug|Any CPU.ActiveCfg = Debug|Any CPU
		{074D109A-E0AC-466A-89A9-5B8133CDBC05}.Debug|Any CPU.Build.0 = Debug|Any CPU
		{074D109A-E0AC-466A-89A9-5B8133CDBC05}.Release|Any CPU.ActiveCfg = Release|Any CPU
		{074D109A-E0AC-466A-89A9-5B8133CDBC05}.Release|Any CPU.Build.0 = Release|Any CPU
		{0703383C-1E23-43FB-A32B-B3B8038087F4}.Debug|Any CPU.ActiveCfg = Debug|Any CPU
		{0703383C-1E23-43FB-A32B-B3B8038087F4}.Debug|Any CPU.Build.0 = Debug|Any CPU
		{0703383C-1E23-43FB-A32B-B3B8038087F4}.Release|Any CPU.ActiveCfg = Release|Any CPU
		{0703383C-1E23-43FB-A32B-B3B8038087F4}.Release|Any CPU.Build.0 = Release|Any CPU
		{7463BCC2-565B-4282-B397-F2B0C742BEFF}.Debug|Any CPU.ActiveCfg = Debug|Any CPU
		{7463BCC2-565B-4282-B397-F2B0C742BEFF}.Debug|Any CPU.Build.0 = Debug|Any CPU
		{7463BCC2-565B-4282-B397-F2B0C742BEFF}.Release|Any CPU.ActiveCfg = Release|Any CPU
		{7463BCC2-565B-4282-B397-F2B0C742BEFF}.Release|Any CPU.Build.0 = Release|Any CPU
		{9C4B04E9-491A-4FCC-A52F-95A1DFEFCE98}.Debug|Any CPU.ActiveCfg = Debug|Any CPU
		{9C4B04E9-491A-4FCC-A52F-95A1DFEFCE98}.Debug|Any CPU.Build.0 = Debug|Any CPU
		{9C4B04E9-491A-4FCC-A52F-95A1DFEFCE98}.Release|Any CPU.ActiveCfg = Release|Any CPU
		{9C4B04E9-491A-4FCC-A52F-95A1DFEFCE98}.Release|Any CPU.Build.0 = Release|Any CPU
	EndGlobalSection
	GlobalSection(SolutionProperties) = preSolution
		HideSolutionNode = FALSE
	EndGlobalSection
EndGlobal
